
Microsoft Visual Studio Solution File, Format Version 12.00
# Visual Studio 15
VisualStudioVersion = 15.0.28307.421
MinimumVisualStudioVersion = 10.0.40219.1
Project("{9A19103F-16F7-4668-BE54-9A1E7A4F7556}") = "HealthAndFitness", "HealthAndFitness\HealthAndFitness.csproj", "{BB157797-1F37-4193-852C-67D559E3463A}"
EndProject
Project("{FAE04EC0-301F-11D3-BF4B-00C04F79EFBC}") = "HealthAndYoga", "HealthAndYoga\HealthAndYoga.csproj", "{6C75E9B7-88D2-44D7-AFA7-964F1496C39D}"
EndProject
Global
	GlobalSection(SolutionConfigurationPlatforms) = preSolution
		Debug|Any CPU = Debug|Any CPU
		Release|Any CPU = Release|Any CPU
	EndGlobalSection
	GlobalSection(ProjectConfigurationPlatforms) = postSolution
		{BB157797-1F37-4193-852C-67D559E3463A}.Debug|Any CPU.ActiveCfg = Debug|Any CPU
		{BB157797-1F37-4193-852C-67D559E3463A}.Debug|Any CPU.Build.0 = Debug|Any CPU
		{BB157797-1F37-4193-852C-67D559E3463A}.Release|Any CPU.ActiveCfg = Release|Any CPU
		{BB157797-1F37-4193-852C-67D559E3463A}.Release|Any CPU.Build.0 = Release|Any CPU
		{6C75E9B7-88D2-44D7-AFA7-964F1496C39D}.Debug|Any CPU.ActiveCfg = Debug|Any CPU
		{6C75E9B7-88D2-44D7-AFA7-964F1496C39D}.Debug|Any CPU.Build.0 = Debug|Any CPU
		{6C75E9B7-88D2-44D7-AFA7-964F1496C39D}.Release|Any CPU.ActiveCfg = Release|Any CPU
		{6C75E9B7-88D2-44D7-AFA7-964F1496C39D}.Release|Any CPU.Build.0 = Release|Any CPU
	EndGlobalSection
	GlobalSection(SolutionProperties) = preSolution
		HideSolutionNode = FALSE
	EndGlobalSection
	GlobalSection(ExtensibilityGlobals) = postSolution
		SolutionGuid = {E7F103E6-4C4A-4C75-B760-6B370EAB6C93}
	EndGlobalSection
EndGlobal
